
Microsoft Visual Studio Solution File, Format Version 12.00
# Visual Studio Version 17
VisualStudioVersion = 17.11.35327.3
MinimumVisualStudioVersion = 10.0.40219.1
Project("{FAE04EC0-301F-11D3-BF4B-00C04F79EFBC}") = "SE330FinalPratice", "SE330FinalPratice\SE330FinalPratice.csproj", "{C699F3EC-D6CB-4562-87A6-024B1632759D}"
EndProject
Global
	GlobalSection(SolutionConfigurationPlatforms) = preSolution
		Debug|Any CPU = Debug|Any CPU
		Release|Any CPU = Release|Any CPU
	EndGlobalSection
	GlobalSection(ProjectConfigurationPlatforms) = postSolution
		{C699F3EC-D6CB-4562-87A6-024B1632759D}.Debug|Any CPU.ActiveCfg = Debug|Any CPU
		{C699F3EC-D6CB-4562-87A6-024B1632759D}.Debug|Any CPU.Build.0 = Debug|Any CPU
		{C699F3EC-D6CB-4562-87A6-024B1632759D}.Release|Any CPU.ActiveCfg = Release|Any CPU
		{C699F3EC-D6CB-4562-87A6-024B1632759D}.Release|Any CPU.Build.0 = Release|Any CPU
	EndGlobalSection
	GlobalSection(SolutionProperties) = preSolution
		HideSolutionNode = FALSE
	EndGlobalSection
	GlobalSection(ExtensibilityGlobals) = postSolution
		SolutionGuid = {BCF40FD8-5E3D-41C0-BA1C-BB2090B10679}
	EndGlobalSection
EndGlobal
